
Microsoft Visual Studio Solution File, Format Version 12.00
# Visual Studio Version 17
VisualStudioVersion = 17.9.34607.119
MinimumVisualStudioVersion = 10.0.40219.1
Project("{FAE04EC0-301F-11D3-BF4B-00C04F79EFBC}") = "Atestat", "Atestat\Atestat.csproj", "{F76248B7-EECE-4791-94EE-D7B9DE64412A}"
EndProject
Global
	GlobalSection(SolutionConfigurationPlatforms) = preSolution
		Debug|Any CPU = Debug|Any CPU
		Release|Any CPU = Release|Any CPU
	EndGlobalSection
	GlobalSection(ProjectConfigurationPlatforms) = postSolution
		{F76248B7-EECE-4791-94EE-D7B9DE64412A}.Debug|Any CPU.ActiveCfg = Debug|Any CPU
		{F76248B7-EECE-4791-94EE-D7B9DE64412A}.Debug|Any CPU.Build.0 = Debug|Any CPU
		{F76248B7-EECE-4791-94EE-D7B9DE64412A}.Release|Any CPU.ActiveCfg = Release|Any CPU
		{F76248B7-EECE-4791-94EE-D7B9DE64412A}.Release|Any CPU.Build.0 = Release|Any CPU
	EndGlobalSection
	GlobalSection(SolutionProperties) = preSolution
		HideSolutionNode = FALSE
	EndGlobalSection
	GlobalSection(ExtensibilityGlobals) = postSolution
		SolutionGuid = {1507B58D-F6D0-4FFE-A180-8A5D101AC94E}
	EndGlobalSection
EndGlobal
